// !$*UTF8*$!
{
	archiveVersion = 1;
	classes = {
	};
	objectVersion = 50;
	objects = {

/* Begin PBXBuildFile section */
		06A1381B27E8D28B00A13F26 /* AppDelegate.swift in Sources */ = {isa = PBXBuildFile; fileRef = 06A1381A27E8D28B00A13F26 /* AppDelegate.swift */; };
		06A1381D27E8D28B00A13F26 /* SceneDelegate.swift in Sources */ = {isa = PBXBuildFile; fileRef = 06A1381C27E8D28B00A13F26 /* SceneDelegate.swift */; };
		06A1381F27E8D28B00A13F26 /* ContentView.swift in Sources */ = {isa = PBXBuildFile; fileRef = 06A1381E27E8D28B00A13F26 /* ContentView.swift */; };
		06A1382127E8D28F00A13F26 /* Assets.xcassets in Resources */ = {isa = PBXBuildFile; fileRef = 06A1382027E8D28F00A13F26 /* Assets.xcassets */; };
		06A1382427E8D28F00A13F26 /* Preview Assets.xcassets in Resources */ = {isa = PBXBuildFile; fileRef = 06A1382327E8D28F00A13F26 /* Preview Assets.xcassets */; };
		06A1382727E8D28F00A13F26 /* LaunchScreen.storyboard in Resources */ = {isa = PBXBuildFile; fileRef = 06A1382527E8D28F00A13F26 /* LaunchScreen.storyboard */; };
		06A1383227E8D28F00A13F26 /* LandmarksTests.swift in Sources */ = {isa = PBXBuildFile; fileRef = 06A1383127E8D28F00A13F26 /* LandmarksTests.swift */; };
		06A1383D27E8D28F00A13F26 /* LandmarksUITests.swift in Sources */ = {isa = PBXBuildFile; fileRef = 06A1383C27E8D28F00A13F26 /* LandmarksUITests.swift */; };
		06A1385927E8D35500A13F26 /* charleyrivers.jpg in Resources */ = {isa = PBXBuildFile; fileRef = 06A1384B27E8D35500A13F26 /* charleyrivers.jpg */; };
		06A1385A27E8D35500A13F26 /* turtlerock.jpg in Resources */ = {isa = PBXBuildFile; fileRef = 06A1384C27E8D35500A13F26 /* turtlerock.jpg */; };
		06A1385B27E8D35500A13F26 /* silversalmoncreek.jpg in Resources */ = {isa = PBXBuildFile; fileRef = 06A1384D27E8D35500A13F26 /* silversalmoncreek.jpg */; };
		06A1385C27E8D35500A13F26 /* hikeData.json in Resources */ = {isa = PBXBuildFile; fileRef = 06A1384E27E8D35500A13F26 /* hikeData.json */; };
		06A1385D27E8D35500A13F26 /* icybay.jpg in Resources */ = {isa = PBXBuildFile; fileRef = 06A1384F27E8D35500A13F26 /* icybay.jpg */; };
		06A1385E27E8D35500A13F26 /* lakemcdonald.jpg in Resources */ = {isa = PBXBuildFile; fileRef = 06A1385027E8D35500A13F26 /* lakemcdonald.jpg */; };
		06A1385F27E8D35500A13F26 /* hiddenlake.jpg in Resources */ = {isa = PBXBuildFile; fileRef = 06A1385127E8D35500A13F26 /* hiddenlake.jpg */; };
		06A1386027E8D35500A13F26 /* twinlake.jpg in Resources */ = {isa = PBXBuildFile; fileRef = 06A1385227E8D35500A13F26 /* twinlake.jpg */; };
		06A1386127E8D35500A13F26 /* umbagog.jpg in Resources */ = {isa = PBXBuildFile; fileRef = 06A1385327E8D35500A13F26 /* umbagog.jpg */; };
		06A1386227E8D35500A13F26 /* landmarkData.json in Resources */ = {isa = PBXBuildFile; fileRef = 06A1385427E8D35500A13F26 /* landmarkData.json */; };
		06A1386327E8D35500A13F26 /* chincoteague.jpg in Resources */ = {isa = PBXBuildFile; fileRef = 06A1385527E8D35500A13F26 /* chincoteague.jpg */; };
		06A1386427E8D35500A13F26 /* stmarylake.jpg in Resources */ = {isa = PBXBuildFile; fileRef = 06A1385627E8D35500A13F26 /* stmarylake.jpg */; };
		06A1386527E8D35500A13F26 /* chilkoottrail.jpg in Resources */ = {isa = PBXBuildFile; fileRef = 06A1385727E8D35500A13F26 /* chilkoottrail.jpg */; };
		06A1386627E8D35500A13F26 /* rainbowlake.jpg in Resources */ = {isa = PBXBuildFile; fileRef = 06A1385827E8D35500A13F26 /* rainbowlake.jpg */; };
		06A1386827E8D3A200A13F26 /* CircleImage.swift in Sources */ = {isa = PBXBuildFile; fileRef = 06A1386727E8D3A200A13F26 /* CircleImage.swift */; };
		06A1386A27E9F6F200A13F26 /* MapView.swift in Sources */ = {isa = PBXBuildFile; fileRef = 06A1386927E9F6F200A13F26 /* MapView.swift */; };
		06A1386D27EA072000A13F26 /* Landmark.swift in Sources */ = {isa = PBXBuildFile; fileRef = 06A1386C27EA072000A13F26 /* Landmark.swift */; };
		06A1386F27EA0DDF00A13F26 /* Data.swift in Sources */ = {isa = PBXBuildFile; fileRef = 06A1386E27EA0DDF00A13F26 /* Data.swift */; };
		06A1387327EB499200A13F26 /* LandmarkRow.swift in Sources */ = {isa = PBXBuildFile; fileRef = 06A1387227EB499200A13F26 /* LandmarkRow.swift */; };
		06A1387B27EB61F900A13F26 /* LandmarkList.swift in Sources */ = {isa = PBXBuildFile; fileRef = 06A1387A27EB61F900A13F26 /* LandmarkList.swift */; };
/* End PBXBuildFile section */

/* Begin PBXContainerItemProxy section */
		06A1382E27E8D28F00A13F26 /* PBXContainerItemProxy */ = {
			isa = PBXContainerItemProxy;
			containerPortal = 06A1380F27E8D28B00A13F26 /* Project object */;
			proxyType = 1;
			remoteGlobalIDString = 06A1381627E8D28B00A13F26;
			remoteInfo = Landmarks;
		};
		06A1383927E8D28F00A13F26 /* PBXContainerItemProxy */ = {
			isa = PBXContainerItemProxy;
			containerPortal = 06A1380F27E8D28B00A13F26 /* Project object */;
			proxyType = 1;
			remoteGlobalIDString = 06A1381627E8D28B00A13F26;
			remoteInfo = Landmarks;
		};
/* End PBXContainerItemProxy section */

/* Begin PBXFileReference section */
		06A1381727E8D28B00A13F26 /* Landmarks.app */ = {isa = PBXFileReference; explicitFileType = wrapper.application; includeInIndex = 0; path = Landmarks.app; sourceTree = BUILT_PRODUCTS_DIR; };
		06A1381A27E8D28B00A13F26 /* AppDelegate.swift */ = {isa = PBXFileReference; lastKnownFileType = sourcecode.swift; path = AppDelegate.swift; sourceTree = "<group>"; };
		06A1381C27E8D28B00A13F26 /* SceneDelegate.swift */ = {isa = PBXFileReference; lastKnownFileType = sourcecode.swift; path = SceneDelegate.swift; sourceTree = "<group>"; };
		06A1381E27E8D28B00A13F26 /* ContentView.swift */ = {isa = PBXFileReference; lastKnownFileType = sourcecode.swift; path = ContentView.swift; sourceTree = "<group>"; };
		06A1382027E8D28F00A13F26 /* Assets.xcassets */ = {isa = PBXFileReference; lastKnownFileType = folder.assetcatalog; path = Assets.xcassets; sourceTree = "<group>"; };
		06A1382327E8D28F00A13F26 /* Preview Assets.xcassets */ = {isa = PBXFileReference; lastKnownFileType = folder.assetcatalog; path = "Preview Assets.xcassets"; sourceTree = "<group>"; };
		06A1382627E8D28F00A13F26 /* Base */ = {isa = PBXFileReference; lastKnownFileType = file.storyboard; name = Base; path = Base.lproj/LaunchScreen.storyboard; sourceTree = "<group>"; };
		06A1382827E8D28F00A13F26 /* Info.plist */ = {isa = PBXFileReference; lastKnownFileType = text.plist.xml; path = Info.plist; sourceTree = "<group>"; };
		06A1382D27E8D28F00A13F26 /* LandmarksTests.xctest */ = {isa = PBXFileReference; explicitFileType = wrapper.cfbundle; includeInIndex = 0; path = LandmarksTests.xctest; sourceTree = BUILT_PRODUCTS_DIR; };
		06A1383127E8D28F00A13F26 /* LandmarksTests.swift */ = {isa = PBXFileReference; lastKnownFileType = sourcecode.swift; path = LandmarksTests.swift; sourceTree = "<group>"; };
		06A1383327E8D28F00A13F26 /* Info.plist */ = {isa = PBXFileReference; lastKnownFileType = text.plist.xml; path = Info.plist; sourceTree = "<group>"; };
		06A1383827E8D28F00A13F26 /* LandmarksUITests.xctest */ = {isa = PBXFileReference; explicitFileType = wrapper.cfbundle; includeInIndex = 0; path = LandmarksUITests.xctest; sourceTree = BUILT_PRODUCTS_DIR; };
		06A1383C27E8D28F00A13F26 /* LandmarksUITests.swift */ = {isa = PBXFileReference; lastKnownFileType = sourcecode.swift; path = LandmarksUITests.swift; sourceTree = "<group>"; };
		06A1383E27E8D28F00A13F26 /* Info.plist */ = {isa = PBXFileReference; lastKnownFileType = text.plist.xml; path = Info.plist; sourceTree = "<group>"; };
		06A1384B27E8D35500A13F26 /* charleyrivers.jpg */ = {isa = PBXFileReference; lastKnownFileType = image.jpeg; path = charleyrivers.jpg; sourceTree = "<group>"; };
		06A1384C27E8D35500A13F26 /* turtlerock.jpg */ = {isa = PBXFileReference; lastKnownFileType = image.jpeg; path = turtlerock.jpg; sourceTree = "<group>"; };
		06A1384D27E8D35500A13F26 /* silversalmoncreek.jpg */ = {isa = PBXFileReference; lastKnownFileType = image.jpeg; path = silversalmoncreek.jpg; sourceTree = "<group>"; };
		06A1384E27E8D35500A13F26 /* hikeData.json */ = {isa = PBXFileReference; fileEncoding = 4; lastKnownFileType = text.json; path = hikeData.json; sourceTree = "<group>"; };
		06A1384F27E8D35500A13F26 /* icybay.jpg */ = {isa = PBXFileReference; lastKnownFileType = image.jpeg; path = icybay.jpg; sourceTree = "<group>"; };
		06A1385027E8D35500A13F26 /* lakemcdonald.jpg */ = {isa = PBXFileReference; lastKnownFileType = image.jpeg; path = lakemcdonald.jpg; sourceTree = "<group>"; };
		06A1385127E8D35500A13F26 /* hiddenlake.jpg */ = {isa = PBXFileReference; lastKnownFileType = image.jpeg; path = hiddenlake.jpg; sourceTree = "<group>"; };
		06A1385227E8D35500A13F26 /* twinlake.jpg */ = {isa = PBXFileReference; lastKnownFileType = image.jpeg; path = twinlake.jpg; sourceTree = "<group>"; };
		06A1385327E8D35500A13F26 /* umbagog.jpg */ = {isa = PBXFileReference; lastKnownFileType = image.jpeg; path = umbagog.jpg; sourceTree = "<group>"; };
		06A1385427E8D35500A13F26 /* landmarkData.json */ = {isa = PBXFileReference; fileEncoding = 4; lastKnownFileType = text.json; path = landmarkData.json; sourceTree = "<group>"; };
		06A1385527E8D35500A13F26 /* chincoteague.jpg */ = {isa = PBXFileReference; lastKnownFileType = image.jpeg; path = chincoteague.jpg; sourceTree = "<group>"; };
		06A1385627E8D35500A13F26 /* stmarylake.jpg */ = {isa = PBXFileReference; lastKnownFileType = image.jpeg; path = stmarylake.jpg; sourceTree = "<group>"; };
		06A1385727E8D35500A13F26 /* chilkoottrail.jpg */ = {isa = PBXFileReference; lastKnownFileType = image.jpeg; path = chilkoottrail.jpg; sourceTree = "<group>"; };
		06A1385827E8D35500A13F26 /* rainbowlake.jpg */ = {isa = PBXFileReference; lastKnownFileType = image.jpeg; path = rainbowlake.jpg; sourceTree = "<group>"; };
		06A1386727E8D3A200A13F26 /* CircleImage.swift */ = {isa = PBXFileReference; lastKnownFileType = sourcecode.swift; path = CircleImage.swift; sourceTree = "<group>"; };
		06A1386927E9F6F200A13F26 /* MapView.swift */ = {isa = PBXFileReference; lastKnownFileType = sourcecode.swift; path = MapView.swift; sourceTree = "<group>"; };
		06A1386C27EA072000A13F26 /* Landmark.swift */ = {isa = PBXFileReference; lastKnownFileType = sourcecode.swift; path = Landmark.swift; sourceTree = "<group>"; };
		06A1386E27EA0DDF00A13F26 /* Data.swift */ = {isa = PBXFileReference; lastKnownFileType = sourcecode.swift; path = Data.swift; sourceTree = "<group>"; };
		06A1387227EB499200A13F26 /* LandmarkRow.swift */ = {isa = PBXFileReference; lastKnownFileType = sourcecode.swift; path = LandmarkRow.swift; sourceTree = "<group>"; };
		06A1387A27EB61F900A13F26 /* LandmarkList.swift */ = {isa = PBXFileReference; lastKnownFileType = sourcecode.swift; path = LandmarkList.swift; sourceTree = "<group>"; };
/* End PBXFileReference section */

/* Begin PBXFrameworksBuildPhase section */
		06A1381427E8D28B00A13F26 /* Frameworks */ = {
			isa = PBXFrameworksBuildPhase;
			buildActionMask = 2147483647;
			files = (
			);
			runOnlyForDeploymentPostprocessing = 0;
		};
		06A1382A27E8D28F00A13F26 /* Frameworks */ = {
			isa = PBXFrameworksBuildPhase;
			buildActionMask = 2147483647;
			files = (
			);
			runOnlyForDeploymentPostprocessing = 0;
		};
		06A1383527E8D28F00A13F26 /* Frameworks */ = {
			isa = PBXFrameworksBuildPhase;
			buildActionMask = 2147483647;
			files = (
			);
			runOnlyForDeploymentPostprocessing = 0;
		};
/* End PBXFrameworksBuildPhase section */

/* Begin PBXGroup section */
		06A1380E27E8D28B00A13F26 = {
			isa = PBXGroup;
			children = (
				06A1381927E8D28B00A13F26 /* Landmarks */,
				06A1383027E8D28F00A13F26 /* LandmarksTests */,
				06A1383B27E8D28F00A13F26 /* LandmarksUITests */,
				06A1381827E8D28B00A13F26 /* Products */,
			);
			sourceTree = "<group>";
		};
		06A1381827E8D28B00A13F26 /* Products */ = {
			isa = PBXGroup;
			children = (
				06A1381727E8D28B00A13F26 /* Landmarks.app */,
				06A1382D27E8D28F00A13F26 /* LandmarksTests.xctest */,
				06A1383827E8D28F00A13F26 /* LandmarksUITests.xctest */,
			);
			name = Products;
			sourceTree = "<group>";
		};
		06A1381927E8D28B00A13F26 /* Landmarks */ = {
			isa = PBXGroup;
			children = (
				06A1386B27EA06D500A13F26 /* Models */,
				06A1384A27E8D35500A13F26 /* Resources */,
				06A1381A27E8D28B00A13F26 /* AppDelegate.swift */,
				06A1381E27E8D28B00A13F26 /* ContentView.swift */,
				06A1381C27E8D28B00A13F26 /* SceneDelegate.swift */,
				06A1386927E9F6F200A13F26 /* MapView.swift */,
				06A1386727E8D3A200A13F26 /* CircleImage.swift */,
				06A1382027E8D28F00A13F26 /* Assets.xcassets */,
				06A1382527E8D28F00A13F26 /* LaunchScreen.storyboard */,
				06A1382827E8D28F00A13F26 /* Info.plist */,
				06A1382227E8D28F00A13F26 /* Preview Content */,
			);
			path = Landmarks;
			sourceTree = "<group>";
		};
		06A1382227E8D28F00A13F26 /* Preview Content */ = {
			isa = PBXGroup;
			children = (
				06A1382327E8D28F00A13F26 /* Preview Assets.xcassets */,
			);
			path = "Preview Content";
			sourceTree = "<group>";
		};
		06A1383027E8D28F00A13F26 /* LandmarksTests */ = {
			isa = PBXGroup;
			children = (
				06A1383127E8D28F00A13F26 /* LandmarksTests.swift */,
				06A1383327E8D28F00A13F26 /* Info.plist */,
			);
			path = LandmarksTests;
			sourceTree = "<group>";
		};
		06A1383B27E8D28F00A13F26 /* LandmarksUITests */ = {
			isa = PBXGroup;
			children = (
				06A1383C27E8D28F00A13F26 /* LandmarksUITests.swift */,
				06A1383E27E8D28F00A13F26 /* Info.plist */,
			);
			path = LandmarksUITests;
			sourceTree = "<group>";
		};
		06A1384A27E8D35500A13F26 /* Resources */ = {
			isa = PBXGroup;
			children = (
				06A1384B27E8D35500A13F26 /* charleyrivers.jpg */,
				06A1384C27E8D35500A13F26 /* turtlerock.jpg */,
				06A1384D27E8D35500A13F26 /* silversalmoncreek.jpg */,
				06A1384E27E8D35500A13F26 /* hikeData.json */,
				06A1384F27E8D35500A13F26 /* icybay.jpg */,
				06A1385027E8D35500A13F26 /* lakemcdonald.jpg */,
				06A1385127E8D35500A13F26 /* hiddenlake.jpg */,
				06A1385227E8D35500A13F26 /* twinlake.jpg */,
				06A1385327E8D35500A13F26 /* umbagog.jpg */,
				06A1385427E8D35500A13F26 /* landmarkData.json */,
				06A1385527E8D35500A13F26 /* chincoteague.jpg */,
				06A1385627E8D35500A13F26 /* stmarylake.jpg */,
				06A1385727E8D35500A13F26 /* chilkoottrail.jpg */,
				06A1385827E8D35500A13F26 /* rainbowlake.jpg */,
			);
			name = Resources;
			path = ../../../Resources;
			sourceTree = "<group>";
		};
		06A1386B27EA06D500A13F26 /* Models */ = {
			isa = PBXGroup;
			children = (
				06A1386C27EA072000A13F26 /* Landmark.swift */,
				06A1386E27EA0DDF00A13F26 /* Data.swift */,
				06A1387227EB499200A13F26 /* LandmarkRow.swift */,
				06A1387A27EB61F900A13F26 /* LandmarkList.swift */,
			);
			path = Models;
			sourceTree = "<group>";
		};
/* End PBXGroup section */

/* Begin PBXNativeTarget section */
		06A1381627E8D28B00A13F26 /* Landmarks */ = {
			isa = PBXNativeTarget;
			buildConfigurationList = 06A1384127E8D28F00A13F26 /* Build configuration list for PBXNativeTarget "Landmarks" */;
			buildPhases = (
				06A1381327E8D28B00A13F26 /* Sources */,
				06A1381427E8D28B00A13F26 /* Frameworks */,
				06A1381527E8D28B00A13F26 /* Resources */,
			);
			buildRules = (
			);
			dependencies = (
			);
			name = Landmarks;
			productName = Landmarks;
			productReference = 06A1381727E8D28B00A13F26 /* Landmarks.app */;
			productType = "com.apple.product-type.application";
		};
		06A1382C27E8D28F00A13F26 /* LandmarksTests */ = {
			isa = PBXNativeTarget;
			buildConfigurationList = 06A1384427E8D28F00A13F26 /* Build configuration list for PBXNativeTarget "LandmarksTests" */;
			buildPhases = (
				06A1382927E8D28F00A13F26 /* Sources */,
				06A1382A27E8D28F00A13F26 /* Frameworks */,
				06A1382B27E8D28F00A13F26 /* Resources */,
			);
			buildRules = (
			);
			dependencies = (
				06A1382F27E8D28F00A13F26 /* PBXTargetDependency */,
			);
			name = LandmarksTests;
			productName = LandmarksTests;
			productReference = 06A1382D27E8D28F00A13F26 /* LandmarksTests.xctest */;
			productType = "com.apple.product-type.bundle.unit-test";
		};
		06A1383727E8D28F00A13F26 /* LandmarksUITests */ = {
			isa = PBXNativeTarget;
			buildConfigurationList = 06A1384727E8D28F00A13F26 /* Build configuration list for PBXNativeTarget "LandmarksUITests" */;
			buildPhases = (
				06A1383427E8D28F00A13F26 /* Sources */,
				06A1383527E8D28F00A13F26 /* Frameworks */,
				06A1383627E8D28F00A13F26 /* Resources */,
			);
			buildRules = (
			);
			dependencies = (
				06A1383A27E8D28F00A13F26 /* PBXTargetDependency */,
			);
			name = LandmarksUITests;
			productName = LandmarksUITests;
			productReference = 06A1383827E8D28F00A13F26 /* LandmarksUITests.xctest */;
			productType = "com.apple.product-type.bundle.ui-testing";
		};
/* End PBXNativeTarget section */

/* Begin PBXProject section */
		06A1380F27E8D28B00A13F26 /* Project object */ = {
			isa = PBXProject;
			attributes = {
				LastSwiftUpdateCheck = 1160;
				LastUpgradeCheck = 1160;
				ORGANIZATIONNAME = takuyaOba;
				TargetAttributes = {
					06A1381627E8D28B00A13F26 = {
						CreatedOnToolsVersion = 11.6;
					};
					06A1382C27E8D28F00A13F26 = {
						CreatedOnToolsVersion = 11.6;
						TestTargetID = 06A1381627E8D28B00A13F26;
					};
					06A1383727E8D28F00A13F26 = {
						CreatedOnToolsVersion = 11.6;
						TestTargetID = 06A1381627E8D28B00A13F26;
					};
				};
			};
			buildConfigurationList = 06A1381227E8D28B00A13F26 /* Build configuration list for PBXProject "Landmarks" */;
			compatibilityVersion = "Xcode 9.3";
			developmentRegion = en;
			hasScannedForEncodings = 0;
			knownRegions = (
				en,
				Base,
			);
			mainGroup = 06A1380E27E8D28B00A13F26;
			productRefGroup = 06A1381827E8D28B00A13F26 /* Products */;
			projectDirPath = "";
			projectRoot = "";
			targets = (
				06A1381627E8D28B00A13F26 /* Landmarks */,
				06A1382C27E8D28F00A13F26 /* LandmarksTests */,
				06A1383727E8D28F00A13F26 /* LandmarksUITests */,
			);
		};
/* End PBXProject section */

/* Begin PBXResourcesBuildPhase section */
		06A1381527E8D28B00A13F26 /* Resources */ = {
			isa = PBXResourcesBuildPhase;
			buildActionMask = 2147483647;
			files = (
				06A1386127E8D35500A13F26 /* umbagog.jpg in Resources */,
				06A1382727E8D28F00A13F26 /* LaunchScreen.storyboard in Resources */,
				06A1382427E8D28F00A13F26 /* Preview Assets.xcassets in Resources */,
				06A1385D27E8D35500A13F26 /* icybay.jpg in Resources */,
				06A1386227E8D35500A13F26 /* landmarkData.json in Resources */,
				06A1385E27E8D35500A13F26 /* lakemcdonald.jpg in Resources */,
				06A1386427E8D35500A13F26 /* stmarylake.jpg in Resources */,
				06A1382127E8D28F00A13F26 /* Assets.xcassets in Resources */,
				06A1385B27E8D35500A13F26 /* silversalmoncreek.jpg in Resources */,
				06A1386527E8D35500A13F26 /* chilkoottrail.jpg in Resources */,
				06A1385927E8D35500A13F26 /* charleyrivers.jpg in Resources */,
				06A1385C27E8D35500A13F26 /* hikeData.json in Resources */,
				06A1386327E8D35500A13F26 /* chincoteague.jpg in Resources */,
				06A1385F27E8D35500A13F26 /* hiddenlake.jpg in Resources */,
				06A1385A27E8D35500A13F26 /* turtlerock.jpg in Resources */,
				06A1386027E8D35500A13F26 /* twinlake.jpg in Resources */,
				06A1386627E8D35500A13F26 /* rainbowlake.jpg in Resources */,
			);
			runOnlyForDeploymentPostprocessing = 0;
		};
		06A1382B27E8D28F00A13F26 /* Resources */ = {
			isa = PBXResourcesBuildPhase;
			buildActionMask = 2147483647;
			files = (
			);
			runOnlyForDeploymentPostprocessing = 0;
		};
		06A1383627E8D28F00A13F26 /* Resources */ = {
			isa = PBXResourcesBuildPhase;
			buildActionMask = 2147483647;
			files = (
			);
			runOnlyForDeploymentPostprocessing = 0;
		};
/* End PBXResourcesBuildPhase section */

/* Begin PBXSourcesBuildPhase section */
		06A1381327E8D28B00A13F26 /* Sources */ = {
			isa = PBXSourcesBuildPhase;
			buildActionMask = 2147483647;
			files = (
				06A1386F27EA0DDF00A13F26 /* Data.swift in Sources */,
				06A1381B27E8D28B00A13F26 /* AppDelegate.swift in Sources */,
				06A1386827E8D3A200A13F26 /* CircleImage.swift in Sources */,
				06A1386A27E9F6F200A13F26 /* MapView.swift in Sources */,
				06A1387B27EB61F900A13F26 /* LandmarkList.swift in Sources */,
				06A1381D27E8D28B00A13F26 /* SceneDelegate.swift in Sources */,
				06A1381F27E8D28B00A13F26 /* ContentView.swift in Sources */,
				06A1386D27EA072000A13F26 /* Landmark.swift in Sources */,
				06A1387327EB499200A13F26 /* LandmarkRow.swift in Sources */,
			);
			runOnlyForDeploymentPostprocessing = 0;
		};
		06A1382927E8D28F00A13F26 /* Sources */ = {
			isa = PBXSourcesBuildPhase;
			buildActionMask = 2147483647;
			files = (
				06A1383227E8D28F00A13F26 /* LandmarksTests.swift in Sources */,
			);
			runOnlyForDeploymentPostprocessing = 0;
		};
		06A1383427E8D28F00A13F26 /* Sources */ = {
			isa = PBXSourcesBuildPhase;
			buildActionMask = 2147483647;
			files = (
				06A1383D27E8D28F00A13F26 /* LandmarksUITests.swift in Sources */,
			);
			runOnlyForDeploymentPostprocessing = 0;
		};
/* End PBXSourcesBuildPhase section */

/* Begin PBXTargetDependency section */
		06A1382F27E8D28F00A13F26 /* PBXTargetDependency */ = {
			isa = PBXTargetDependency;
			target = 06A1381627E8D28B00A13F26 /* Landmarks */;
			targetProxy = 06A1382E27E8D28F00A13F26 /* PBXContainerItemProxy */;
		};
		06A1383A27E8D28F00A13F26 /* PBXTargetDependency */ = {
			isa = PBXTargetDependency;
			target = 06A1381627E8D28B00A13F26 /* Landmarks */;
			targetProxy = 06A1383927E8D28F00A13F26 /* PBXContainerItemProxy */;
		};
/* End PBXTargetDependency section */

/* Begin PBXVariantGroup section */
		06A1382527E8D28F00A13F26 /* LaunchScreen.storyboard */ = {
			isa = PBXVariantGroup;
			children = (
				06A1382627E8D28F00A13F26 /* Base */,
			);
			name = LaunchScreen.storyboard;
			sourceTree = "<group>";
		};
/* End PBXVariantGroup section */

/* Begin XCBuildConfiguration section */
		06A1383F27E8D28F00A13F26 /* Debug */ = {
			isa = XCBuildConfiguration;
			buildSettings = {
				ALWAYS_SEARCH_USER_PATHS = NO;
				CLANG_ANALYZER_NONNULL = YES;
				CLANG_ANALYZER_NUMBER_OBJECT_CONVERSION = YES_AGGRESSIVE;
				CLANG_CXX_LANGUAGE_STANDARD = "gnu++14";
				CLANG_CXX_LIBRARY = "libc++";
				CLANG_ENABLE_MODULES = YES;
				CLANG_ENABLE_OBJC_ARC = YES;
				CLANG_ENABLE_OBJC_WEAK = YES;
				CLANG_WARN_BLOCK_CAPTURE_AUTORELEASING = YES;
				CLANG_WARN_BOOL_CONVERSION = YES;
				CLANG_WARN_COMMA = YES;
				CLANG_WARN_CONSTANT_CONVERSION = YES;
				CLANG_WARN_DEPRECATED_OBJC_IMPLEMENTATIONS = YES;
				CLANG_WARN_DIRECT_OBJC_ISA_USAGE = YES_ERROR;
				CLANG_WARN_DOCUMENTATION_COMMENTS = YES;
				CLANG_WARN_EMPTY_BODY = YES;
				CLANG_WARN_ENUM_CONVERSION = YES;
				CLANG_WARN_INFINITE_RECURSION = YES;
				CLANG_WARN_INT_CONVERSION = YES;
				CLANG_WARN_NON_LITERAL_NULL_CONVERSION = YES;
				CLANG_WARN_OBJC_IMPLICIT_RETAIN_SELF = YES;
				CLANG_WARN_OBJC_LITERAL_CONVERSION = YES;
				CLANG_WARN_OBJC_ROOT_CLASS = YES_ERROR;
				CLANG_WARN_RANGE_LOOP_ANALYSIS = YES;
				CLANG_WARN_STRICT_PROTOTYPES = YES;
				CLANG_WARN_SUSPICIOUS_MOVE = YES;
				CLANG_WARN_UNGUARDED_AVAILABILITY = YES_AGGRESSIVE;
				CLANG_WARN_UNREACHABLE_CODE = YES;
				CLANG_WARN__DUPLICATE_METHOD_MATCH = YES;
				COPY_PHASE_STRIP = NO;
				DEBUG_INFORMATION_FORMAT = dwarf;
				ENABLE_STRICT_OBJC_MSGSEND = YES;
				ENABLE_TESTABILITY = YES;
				GCC_C_LANGUAGE_STANDARD = gnu11;
				GCC_DYNAMIC_NO_PIC = NO;
				GCC_NO_COMMON_BLOCKS = YES;
				GCC_OPTIMIZATION_LEVEL = 0;
				GCC_PREPROCESSOR_DEFINITIONS = (
					"DEBUG=1",
					"$(inherited)",
				);
				GCC_WARN_64_TO_32_BIT_CONVERSION = YES;
				GCC_WARN_ABOUT_RETURN_TYPE = YES_ERROR;
				GCC_WARN_UNDECLARED_SELECTOR = YES;
				GCC_WARN_UNINITIALIZED_AUTOS = YES_AGGRESSIVE;
				GCC_WARN_UNUSED_FUNCTION = YES;
				GCC_WARN_UNUSED_VARIABLE = YES;
				IPHONEOS_DEPLOYMENT_TARGET = 13.6;
				MTL_ENABLE_DEBUG_INFO = INCLUDE_SOURCE;
				MTL_FAST_MATH = YES;
				ONLY_ACTIVE_ARCH = YES;
				SDKROOT = iphoneos;
				SWIFT_ACTIVE_COMPILATION_CONDITIONS = DEBUG;
				SWIFT_OPTIMIZATION_LEVEL = "-Onone";
			};
			name = Debug;
		};
		06A1384027E8D28F00A13F26 /* Release */ = {
			isa = XCBuildConfiguration;
			buildSettings = {
				ALWAYS_SEARCH_USER_PATHS = NO;
				CLANG_ANALYZER_NONNULL = YES;
				CLANG_ANALYZER_NUMBER_OBJECT_CONVERSION = YES_AGGRESSIVE;
				CLANG_CXX_LANGUAGE_STANDARD = "gnu++14";
				CLANG_CXX_LIBRARY = "libc++";
				CLANG_ENABLE_MODULES = YES;
				CLANG_ENABLE_OBJC_ARC = YES;
				CLANG_ENABLE_OBJC_WEAK = YES;
				CLANG_WARN_BLOCK_CAPTURE_AUTORELEASING = YES;
				CLANG_WARN_BOOL_CONVERSION = YES;
				CLANG_WARN_COMMA = YES;
				CLANG_WARN_CONSTANT_CONVERSION = YES;
				CLANG_WARN_DEPRECATED_OBJC_IMPLEMENTATIONS = YES;
				CLANG_WARN_DIRECT_OBJC_ISA_USAGE = YES_ERROR;
				CLANG_WARN_DOCUMENTATION_COMMENTS = YES;
				CLANG_WARN_EMPTY_BODY = YES;
				CLANG_WARN_ENUM_CONVERSION = YES;
				CLANG_WARN_INFINITE_RECURSION = YES;
				CLANG_WARN_INT_CONVERSION = YES;
				CLANG_WARN_NON_LITERAL_NULL_CONVERSION = YES;
				CLANG_WARN_OBJC_IMPLICIT_RETAIN_SELF = YES;
				CLANG_WARN_OBJC_LITERAL_CONVERSION = YES;
				CLANG_WARN_OBJC_ROOT_CLASS = YES_ERROR;
				CLANG_WARN_RANGE_LOOP_ANALYSIS = YES;
				CLANG_WARN_STRICT_PROTOTYPES = YES;
				CLANG_WARN_SUSPICIOUS_MOVE = YES;
				CLANG_WARN_UNGUARDED_AVAILABILITY = YES_AGGRESSIVE;
				CLANG_WARN_UNREACHABLE_CODE = YES;
				CLANG_WARN__DUPLICATE_METHOD_MATCH = YES;
				COPY_PHASE_STRIP = NO;
				DEBUG_INFORMATION_FORMAT = "dwarf-with-dsym";
				ENABLE_NS_ASSERTIONS = NO;
				ENABLE_STRICT_OBJC_MSGSEND = YES;
				GCC_C_LANGUAGE_STANDARD = gnu11;
				GCC_NO_COMMON_BLOCKS = YES;
				GCC_WARN_64_TO_32_BIT_CONVERSION = YES;
				GCC_WARN_ABOUT_RETURN_TYPE = YES_ERROR;
				GCC_WARN_UNDECLARED_SELECTOR = YES;
				GCC_WARN_UNINITIALIZED_AUTOS = YES_AGGRESSIVE;
				GCC_WARN_UNUSED_FUNCTION = YES;
				GCC_WARN_UNUSED_VARIABLE = YES;
				IPHONEOS_DEPLOYMENT_TARGET = 13.6;
				MTL_ENABLE_DEBUG_INFO = NO;
				MTL_FAST_MATH = YES;
				SDKROOT = iphoneos;
				SWIFT_COMPILATION_MODE = wholemodule;
				SWIFT_OPTIMIZATION_LEVEL = "-O";
				VALIDATE_PRODUCT = YES;
			};
			name = Release;
		};
		06A1384227E8D28F00A13F26 /* Debug */ = {
			isa = XCBuildConfiguration;
			buildSettings = {
				ASSETCATALOG_COMPILER_APPICON_NAME = AppIcon;
				CODE_SIGN_STYLE = Automatic;
				DEVELOPMENT_ASSET_PATHS = "\"Landmarks/Preview Content\"";
				ENABLE_PREVIEWS = YES;
				INFOPLIST_FILE = Landmarks/Info.plist;
				LD_RUNPATH_SEARCH_PATHS = (
					"$(inherited)",
					"@executable_path/Frameworks",
				);
				PRODUCT_BUNDLE_IDENTIFIER = com.takuyaOba.Landmarks;
				PRODUCT_NAME = "$(TARGET_NAME)";
				SWIFT_VERSION = 5.0;
				TARGETED_DEVICE_FAMILY = "1,2";
			};
			name = Debug;
		};
		06A1384327E8D28F00A13F26 /* Release */ = {
			isa = XCBuildConfiguration;
			buildSettings = {
				ASSETCATALOG_COMPILER_APPICON_NAME = AppIcon;
				CODE_SIGN_STYLE = Automatic;
				DEVELOPMENT_ASSET_PATHS = "\"Landmarks/Preview Content\"";
				ENABLE_PREVIEWS = YES;
				INFOPLIST_FILE = Landmarks/Info.plist;
				LD_RUNPATH_SEARCH_PATHS = (
					"$(inherited)",
					"@executable_path/Frameworks",
				);
				PRODUCT_BUNDLE_IDENTIFIER = com.takuyaOba.Landmarks;
				PRODUCT_NAME = "$(TARGET_NAME)";
				SWIFT_VERSION = 5.0;
				TARGETED_DEVICE_FAMILY = "1,2";
			};
			name = Release;
		};
		06A1384527E8D28F00A13F26 /* Debug */ = {
			isa = XCBuildConfiguration;
			buildSettings = {
				ALWAYS_EMBED_SWIFT_STANDARD_LIBRARIES = YES;
				BUNDLE_LOADER = "$(TEST_HOST)";
				CODE_SIGN_STYLE = Automatic;
				INFOPLIST_FILE = LandmarksTests/Info.plist;
				IPHONEOS_DEPLOYMENT_TARGET = 13.6;
				LD_RUNPATH_SEARCH_PATHS = (
					"$(inherited)",
					"@executable_path/Frameworks",
					"@loader_path/Frameworks",
				);
				PRODUCT_BUNDLE_IDENTIFIER = com.takuyaOba.LandmarksTests;
				PRODUCT_NAME = "$(TARGET_NAME)";
				SWIFT_VERSION = 5.0;
				TARGETED_DEVICE_FAMILY = "1,2";
				TEST_HOST = "$(BUILT_PRODUCTS_DIR)/Landmarks.app/Landmarks";
			};
			name = Debug;
		};
		06A1384627E8D28F00A13F26 /* Release */ = {
			isa = XCBuildConfiguration;
			buildSettings = {
				ALWAYS_EMBED_SWIFT_STANDARD_LIBRARIES = YES;
				BUNDLE_LOADER = "$(TEST_HOST)";
				CODE_SIGN_STYLE = Automatic;
				INFOPLIST_FILE = LandmarksTests/Info.plist;
				IPHONEOS_DEPLOYMENT_TARGET = 13.6;
				LD_RUNPATH_SEARCH_PATHS = (
					"$(inherited)",
					"@executable_path/Frameworks",
					"@loader_path/Frameworks",
				);
				PRODUCT_BUNDLE_IDENTIFIER = com.takuyaOba.LandmarksTests;
				PRODUCT_NAME = "$(TARGET_NAME)";
				SWIFT_VERSION = 5.0;
				TARGETED_DEVICE_FAMILY = "1,2";
				TEST_HOST = "$(BUILT_PRODUCTS_DIR)/Landmarks.app/Landmarks";
			};
			name = Release;
		};
		06A1384827E8D28F00A13F26 /* Debug */ = {
			isa = XCBuildConfiguration;
			buildSettings = {
				ALWAYS_EMBED_SWIFT_STANDARD_LIBRARIES = YES;
				CODE_SIGN_STYLE = Automatic;
				INFOPLIST_FILE = LandmarksUITests/Info.plist;
				LD_RUNPATH_SEARCH_PATHS = (
					"$(inherited)",
					"@executable_path/Frameworks",
					"@loader_path/Frameworks",
				);
				PRODUCT_BUNDLE_IDENTIFIER = com.takuyaOba.LandmarksUITests;
				PRODUCT_NAME = "$(TARGET_NAME)";
				SWIFT_VERSION = 5.0;
				TARGETED_DEVICE_FAMILY = "1,2";
				TEST_TARGET_NAME = Landmarks;
			};
			name = Debug;
		};
		06A1384927E8D28F00A13F26 /* Release */ = {
			isa = XCBuildConfiguration;
			buildSettings = {
				ALWAYS_EMBED_SWIFT_STANDARD_LIBRARIES = YES;
				CODE_SIGN_STYLE = Automatic;
				INFOPLIST_FILE = LandmarksUITests/Info.plist;
				LD_RUNPATH_SEARCH_PATHS = (
					"$(inherited)",
					"@executable_path/Frameworks",
					"@loader_path/Frameworks",
				);
				PRODUCT_BUNDLE_IDENTIFIER = com.takuyaOba.LandmarksUITests;
				PRODUCT_NAME = "$(TARGET_NAME)";
				SWIFT_VERSION = 5.0;
				TARGETED_DEVICE_FAMILY = "1,2";
				TEST_TARGET_NAME = Landmarks;
			};
			name = Release;
		};
/* End XCBuildConfiguration section */

/* Begin XCConfigurationList section */
		06A1381227E8D28B00A13F26 /* Build configuration list for PBXProject "Landmarks" */ = {
			isa = XCConfigurationList;
			buildConfigurations = (
				06A1383F27E8D28F00A13F26 /* Debug */,
				06A1384027E8D28F00A13F26 /* Release */,
			);
			defaultConfigurationIsVisible = 0;
			defaultConfigurationName = Release;
		};
		06A1384127E8D28F00A13F26 /* Build configuration list for PBXNativeTarget "Landmarks" */ = {
			isa = XCConfigurationList;
			buildConfigurations = (
				06A1384227E8D28F00A13F26 /* Debug */,
				06A1384327E8D28F00A13F26 /* Release */,
			);
			defaultConfigurationIsVisible = 0;
			defaultConfigurationName = Release;
		};
		06A1384427E8D28F00A13F26 /* Build configuration list for PBXNativeTarget "LandmarksTests" */ = {
			isa = XCConfigurationList;
			buildConfigurations = (
				06A1384527E8D28F00A13F26 /* Debug */,
				06A1384627E8D28F00A13F26 /* Release */,
			);
			defaultConfigurationIsVisible = 0;
			defaultConfigurationName = Release;
		};
		06A1384727E8D28F00A13F26 /* Build configuration list for PBXNativeTarget "LandmarksUITests" */ = {
			isa = XCConfigurationList;
			buildConfigurations = (
				06A1384827E8D28F00A13F26 /* Debug */,
				06A1384927E8D28F00A13F26 /* Release */,
			);
			defaultConfigurationIsVisible = 0;
			defaultConfigurationName = Release;
		};
/* End XCConfigurationList section */
	};
	rootObject = 06A1380F27E8D28B00A13F26 /* Project object */;
}
